
Microsoft Visual Studio Solution File, Format Version 12.00
# Visual Studio Version 16
VisualStudioVersion = 16.0.30907.101
MinimumVisualStudioVersion = 10.0.40219.1
Project("{8BC9CEB8-8B4A-11D0-8D11-00A0C91BC942}") = "kuagmire", "norecoil.vcxproj", "{B814ACE6-7C83-4D97-880E-03DBDDCA6950}"
EndProject
Global
	GlobalSection(SolutionConfigurationPlatforms) = preSolution
		Debug|x64 = Debug|x64
		Debug|x86 = Debug|x86
		Release|x64 = Release|x64
		Release|x86 = Release|x86
	EndGlobalSection
	GlobalSection(ProjectConfigurationPlatforms) = postSolution
		{B814ACE6-7C83-4D97-880E-03DBDDCA6950}.Debug|x64.ActiveCfg = Debug|x64
		{B814ACE6-7C83-4D97-880E-03DBDDCA6950}.Debug|x64.Build.0 = Debug|x64
		{B814ACE6-7C83-4D97-880E-03DBDDCA6950}.Debug|x86.ActiveCfg = Debug|Win32
		{B814ACE6-7C83-4D97-880E-03DBDDCA6950}.Debug|x86.Build.0 = Debug|Win32
		{B814ACE6-7C83-4D97-880E-03DBDDCA6950}.Release|x64.ActiveCfg = Release|x64
		{B814ACE6-7C83-4D97-880E-03DBDDCA6950}.Release|x64.Build.0 = Release|x64
		{B814ACE6-7C83-4D97-880E-03DBDDCA6950}.Release|x86.ActiveCfg = Release|Win32
		{B814ACE6-7C83-4D97-880E-03DBDDCA6950}.Release|x86.Build.0 = Release|Win32
	EndGlobalSection
	GlobalSection(SolutionProperties) = preSolution
		HideSolutionNode = FALSE
	EndGlobalSection
	GlobalSection(ExtensibilityGlobals) = postSolution
		SolutionGuid = {15BD3602-EE96-44C9-B447-B1271B70DA0D}
	EndGlobalSection
EndGlobal
